
Microsoft Visual Studio Solution File, Format Version 12.00
# Visual Studio Version 17
VisualStudioVersion = 17.5.002.0
MinimumVisualStudioVersion = 10.0.40219.1
Project("{2150E333-8FDC-42A3-9474-1A3956D46DE8}") = "Back", "Back", "{7BAFCD78-81EC-4301-BDD3-918F83DAD31D}"
EndProject
Project("{2150E333-8FDC-42A3-9474-1A3956D46DE8}") = "src", "src", "{62397062-DCF3-4731-911D-D81E11D3E2EC}"
EndProject
Project("{9A19103F-16F7-4668-BE54-9A1E7A4F7556}") = "ProEventos.API", "Back\src\ProEventos.API\ProEventos.API.csproj", "{93AAACDE-49E4-4545-A175-543F60D98FBB}"
EndProject
Global
	GlobalSection(SolutionConfigurationPlatforms) = preSolution
		Debug|Any CPU = Debug|Any CPU
		Release|Any CPU = Release|Any CPU
	EndGlobalSection
	GlobalSection(ProjectConfigurationPlatforms) = postSolution
		{93AAACDE-49E4-4545-A175-543F60D98FBB}.Debug|Any CPU.ActiveCfg = Debug|Any CPU
		{93AAACDE-49E4-4545-A175-543F60D98FBB}.Debug|Any CPU.Build.0 = Debug|Any CPU
		{93AAACDE-49E4-4545-A175-543F60D98FBB}.Release|Any CPU.ActiveCfg = Release|Any CPU
		{93AAACDE-49E4-4545-A175-543F60D98FBB}.Release|Any CPU.Build.0 = Release|Any CPU
	EndGlobalSection
	GlobalSection(SolutionProperties) = preSolution
		HideSolutionNode = FALSE
	EndGlobalSection
	GlobalSection(NestedProjects) = preSolution
		{62397062-DCF3-4731-911D-D81E11D3E2EC} = {7BAFCD78-81EC-4301-BDD3-918F83DAD31D}
		{93AAACDE-49E4-4545-A175-543F60D98FBB} = {62397062-DCF3-4731-911D-D81E11D3E2EC}
	EndGlobalSection
	GlobalSection(ExtensibilityGlobals) = postSolution
		SolutionGuid = {B864F668-BDBB-40E8-A79F-A417DBA0B159}
	EndGlobalSection
EndGlobal
